{
  "name": "automatic-maintenance",
  "version": "1.0.0",
  "lockfileVersion": 3,
  "requires": true,
  "packages": {
    "": {
      "name": "automatic-maintenance",
      "version": "1.0.0",
      "license": "ISC",
      "devDependencies": {
        "nodemon": "^3.0.1"
      }
    },
    "node_modules/nodemon": {
      "version": "3.1.10",
      "resolved": "https://registry.npmjs.org/nodemon/-/nodemon-3.1.10.tgz",
      "integrity": "sha512-zmIpm6Z7nKsNHRbN8wg4x75sBtNsw8Yz6lq8bJEcJfxQ3Q5MPRQz3U9g3IJ4p5p7ag5s0jBWPOjo3BxgVSKjA==",
      "dev": true,
      "bin": {
        "nodemon": "bin/nodemon.js"
      },
      "engines": {
        "node": ">=10"
      }
    }
  }
}